
Microsoft Visual Studio Solution File, Format Version 12.00
# Visual Studio Version 16
VisualStudioVersion = 16.0.29424.173
MinimumVisualStudioVersion = 10.0.40219.1
Project("{9A19103F-16F7-4668-BE54-9A1E7A4F7556}") = "lab6", "lbAPS6Console\lab6.csproj", "{1095A0FD-DAFB-4818-9881-4A50C753FF36}"
EndProject
Global
	GlobalSection(SolutionConfigurationPlatforms) = preSolution
		Debug|Any CPU = Debug|Any CPU
		Release|Any CPU = Release|Any CPU
	EndGlobalSection
	GlobalSection(ProjectConfigurationPlatforms) = postSolution
		{1095A0FD-DAFB-4818-9881-4A50C753FF36}.Debug|Any CPU.ActiveCfg = Debug|Any CPU
		{1095A0FD-DAFB-4818-9881-4A50C753FF36}.Debug|Any CPU.Build.0 = Debug|Any CPU
		{1095A0FD-DAFB-4818-9881-4A50C753FF36}.Release|Any CPU.ActiveCfg = Release|Any CPU
		{1095A0FD-DAFB-4818-9881-4A50C753FF36}.Release|Any CPU.Build.0 = Release|Any CPU
	EndGlobalSection
	GlobalSection(SolutionProperties) = preSolution
		HideSolutionNode = FALSE
	EndGlobalSection
	GlobalSection(ExtensibilityGlobals) = postSolution
		SolutionGuid = {AA8EE97B-BD6B-4396-BC12-35929C24150A}
	EndGlobalSection
EndGlobal
